// !$*UTF8*$!
{
	archiveVersion = 1;
	classes = {
	};
	objectVersion = 51;
	objects = {

/* Begin PBXBuildFile section */
		29E1020F22BB5DB700BE7C65 /* AppDelegate.swift in Sources */ = {isa = PBXBuildFile; fileRef = 29E1020E22BB5DB700BE7C65 /* AppDelegate.swift */; };
		29E1021122BB5DB700BE7C65 /* TrendingMovieVC.swift in Sources */ = {isa = PBXBuildFile; fileRef = 29E1021022BB5DB700BE7C65 /* TrendingMovieVC.swift */; };
		29E1021322BB5DB700BE7C65 /* SearchMovieVC.swift in Sources */ = {isa = PBXBuildFile; fileRef = 29E1021222BB5DB700BE7C65 /* SearchMovieVC.swift */; };
		29E1021622BB5DB700BE7C65 /* Main.storyboard in Resources */ = {isa = PBXBuildFile; fileRef = 29E1021422BB5DB700BE7C65 /* Main.storyboard */; };
		29E1021822BB5DBB00BE7C65 /* Assets.xcassets in Resources */ = {isa = PBXBuildFile; fileRef = 29E1021722BB5DBB00BE7C65 /* Assets.xcassets */; };
		29E1021B22BB5DBB00BE7C65 /* LaunchScreen.storyboard in Resources */ = {isa = PBXBuildFile; fileRef = 29E1021922BB5DBB00BE7C65 /* LaunchScreen.storyboard */; };
		29E1022722BB606400BE7C65 /* Movie.swift in Sources */ = {isa = PBXBuildFile; fileRef = 29E1022622BB606400BE7C65 /* Movie.swift */; };
		29E1022922BB626200BE7C65 /* MovieService.swift in Sources */ = {isa = PBXBuildFile; fileRef = 29E1022822BB626200BE7C65 /* MovieService.swift */; };
		29E1022F22BB63C200BE7C65 /* MovieCell.swift in Sources */ = {isa = PBXBuildFile; fileRef = 29E1022D22BB63C200BE7C65 /* MovieCell.swift */; };
		29E1023022BB63C200BE7C65 /* MovieCell.xib in Resources */ = {isa = PBXBuildFile; fileRef = 29E1022E22BB63C200BE7C65 /* MovieCell.xib */; };
		29E1023222BB7B7900BE7C65 /* MovieVM.swift in Sources */ = {isa = PBXBuildFile; fileRef = 29E1023122BB7B7900BE7C65 /* MovieVM.swift */; };
		E376DB3D2FF0FA893A862257 /* Pods_Moviepedia.framework in Frameworks */ = {isa = PBXBuildFile; fileRef = 8D940E47A28000978ECB3E00 /* Pods_Moviepedia.framework */; };
/* End PBXBuildFile section */

/* Begin PBXFileReference section */
		29E1020B22BB5DB700BE7C65 /* Moviepedia.app */ = {isa = PBXFileReference; explicitFileType = wrapper.application; includeInIndex = 0; path = Moviepedia.app; sourceTree = BUILT_PRODUCTS_DIR; };
		29E1020E22BB5DB700BE7C65 /* AppDelegate.swift */ = {isa = PBXFileReference; lastKnownFileType = sourcecode.swift; path = AppDelegate.swift; sourceTree = "<group>"; };
		29E1021022BB5DB700BE7C65 /* TrendingMovieVC.swift */ = {isa = PBXFileReference; lastKnownFileType = sourcecode.swift; path = TrendingMovieVC.swift; sourceTree = "<group>"; };
		29E1021222BB5DB700BE7C65 /* SearchMovieVC.swift */ = {isa = PBXFileReference; lastKnownFileType = sourcecode.swift; path = SearchMovieVC.swift; sourceTree = "<group>"; };
		29E1021522BB5DB700BE7C65 /* Base */ = {isa = PBXFileReference; lastKnownFileType = file.storyboard; name = Base; path = Base.lproj/Main.storyboard; sourceTree = "<group>"; };
		29E1021722BB5DBB00BE7C65 /* Assets.xcassets */ = {isa = PBXFileReference; lastKnownFileType = folder.assetcatalog; path = Assets.xcassets; sourceTree = "<group>"; };
		29E1021A22BB5DBB00BE7C65 /* Base */ = {isa = PBXFileReference; lastKnownFileType = file.storyboard; name = Base; path = Base.lproj/LaunchScreen.storyboard; sourceTree = "<group>"; };
		29E1021C22BB5DBB00BE7C65 /* Info.plist */ = {isa = PBXFileReference; lastKnownFileType = text.plist.xml; path = Info.plist; sourceTree = "<group>"; };
		29E1022622BB606400BE7C65 /* Movie.swift */ = {isa = PBXFileReference; lastKnownFileType = sourcecode.swift; path = Movie.swift; sourceTree = "<group>"; };
		29E1022822BB626200BE7C65 /* MovieService.swift */ = {isa = PBXFileReference; lastKnownFileType = sourcecode.swift; path = MovieService.swift; sourceTree = "<group>"; };
		29E1022D22BB63C200BE7C65 /* MovieCell.swift */ = {isa = PBXFileReference; lastKnownFileType = sourcecode.swift; path = MovieCell.swift; sourceTree = "<group>"; };
		29E1022E22BB63C200BE7C65 /* MovieCell.xib */ = {isa = PBXFileReference; lastKnownFileType = file.xib; path = MovieCell.xib; sourceTree = "<group>"; };
		29E1023122BB7B7900BE7C65 /* MovieVM.swift */ = {isa = PBXFileReference; lastKnownFileType = sourcecode.swift; path = MovieVM.swift; sourceTree = "<group>"; };
		739B661916F279C1D5FC73C3 /* Pods-Moviepedia.release.xcconfig */ = {isa = PBXFileReference; includeInIndex = 1; lastKnownFileType = text.xcconfig; name = "Pods-Moviepedia.release.xcconfig"; path = "Target Support Files/Pods-Moviepedia/Pods-Moviepedia.release.xcconfig"; sourceTree = "<group>"; };
		8D940E47A28000978ECB3E00 /* Pods_Moviepedia.framework */ = {isa = PBXFileReference; explicitFileType = wrapper.framework; includeInIndex = 0; path = Pods_Moviepedia.framework; sourceTree = BUILT_PRODUCTS_DIR; };
		ED50A654A7422284101A4FD4 /* Pods-Moviepedia.debug.xcconfig */ = {isa = PBXFileReference; includeInIndex = 1; lastKnownFileType = text.xcconfig; name = "Pods-Moviepedia.debug.xcconfig"; path = "Target Support Files/Pods-Moviepedia/Pods-Moviepedia.debug.xcconfig"; sourceTree = "<group>"; };
/* End PBXFileReference section */

/* Begin PBXFrameworksBuildPhase section */
		29E1020822BB5DB700BE7C65 /* Frameworks */ = {
			isa = PBXFrameworksBuildPhase;
			buildActionMask = 2147483647;
			files = (
				E376DB3D2FF0FA893A862257 /* Pods_Moviepedia.framework in Frameworks */,
			);
			runOnlyForDeploymentPostprocessing = 0;
		};
/* End PBXFrameworksBuildPhase section */

/* Begin PBXGroup section */
		29E1020222BB5DB700BE7C65 = {
			isa = PBXGroup;
			children = (
				29E1020D22BB5DB700BE7C65 /* Moviepedia */,
				29E1020C22BB5DB700BE7C65 /* Products */,
				BA7CED701916AE87B08D3CD1 /* Pods */,
				CD4BD5FA45F4E315D52CEDBF /* Frameworks */,
			);
			sourceTree = "<group>";
		};
		29E1020C22BB5DB700BE7C65 /* Products */ = {
			isa = PBXGroup;
			children = (
				29E1020B22BB5DB700BE7C65 /* Moviepedia.app */,
			);
			name = Products;
			sourceTree = "<group>";
		};
		29E1020D22BB5DB700BE7C65 /* Moviepedia */ = {
			isa = PBXGroup;
			children = (
				29E1022522BB603B00BE7C65 /* Model */,
				29E1022422BB603000BE7C65 /* Controller */,
				29E1022322BB5FF300BE7C65 /* ViewModel */,
				29E1022222BB5FE100BE7C65 /* Service */,
				29E1022A22BB627500BE7C65 /* Cell */,
				29E1020E22BB5DB700BE7C65 /* AppDelegate.swift */,
				29E1021422BB5DB700BE7C65 /* Main.storyboard */,
				29E1021722BB5DBB00BE7C65 /* Assets.xcassets */,
				29E1021922BB5DBB00BE7C65 /* LaunchScreen.storyboard */,
				29E1021C22BB5DBB00BE7C65 /* Info.plist */,
			);
			path = Moviepedia;
			sourceTree = "<group>";
		};
		29E1022222BB5FE100BE7C65 /* Service */ = {
			isa = PBXGroup;
			children = (
				29E1022822BB626200BE7C65 /* MovieService.swift */,
			);
			path = Service;
			sourceTree = "<group>";
		};
		29E1022322BB5FF300BE7C65 /* ViewModel */ = {
			isa = PBXGroup;
			children = (
				29E1023122BB7B7900BE7C65 /* MovieVM.swift */,
			);
			path = ViewModel;
			sourceTree = "<group>";
		};
		29E1022422BB603000BE7C65 /* Controller */ = {
			isa = PBXGroup;
			children = (
				29E1021022BB5DB700BE7C65 /* TrendingMovieVC.swift */,
				29E1021222BB5DB700BE7C65 /* SearchMovieVC.swift */,
			);
			path = Controller;
			sourceTree = "<group>";
		};
		29E1022522BB603B00BE7C65 /* Model */ = {
			isa = PBXGroup;
			children = (
				29E1022622BB606400BE7C65 /* Movie.swift */,
			);
			path = Model;
			sourceTree = "<group>";
		};
		29E1022A22BB627500BE7C65 /* Cell */ = {
			isa = PBXGroup;
			children = (
				29E1022D22BB63C200BE7C65 /* MovieCell.swift */,
				29E1022E22BB63C200BE7C65 /* MovieCell.xib */,
			);
			path = Cell;
			sourceTree = "<group>";
		};
		BA7CED701916AE87B08D3CD1 /* Pods */ = {
			isa = PBXGroup;
			children = (
				ED50A654A7422284101A4FD4 /* Pods-Moviepedia.debug.xcconfig */,
				739B661916F279C1D5FC73C3 /* Pods-Moviepedia.release.xcconfig */,
			);
			path = Pods;
			sourceTree = "<group>";
		};
		CD4BD5FA45F4E315D52CEDBF /* Frameworks */ = {
			isa = PBXGroup;
			children = (
				8D940E47A28000978ECB3E00 /* Pods_Moviepedia.framework */,
			);
			name = Frameworks;
			sourceTree = "<group>";
		};
/* End PBXGroup section */

/* Begin PBXNativeTarget section */
		29E1020A22BB5DB700BE7C65 /* Moviepedia */ = {
			isa = PBXNativeTarget;
			buildConfigurationList = 29E1021F22BB5DBB00BE7C65 /* Build configuration list for PBXNativeTarget "Moviepedia" */;
			buildPhases = (
				B42F041FAE5A8A38A1EA9889 /* [CP] Check Pods Manifest.lock */,
				29E1020722BB5DB700BE7C65 /* Sources */,
				29E1020822BB5DB700BE7C65 /* Frameworks */,
				29E1020922BB5DB700BE7C65 /* Resources */,
				D9F3737B6F29B5DB2E2B7B8D /* [CP] Embed Pods Frameworks */,
			);
			buildRules = (
			);
			dependencies = (
			);
			name = Moviepedia;
			productName = Moviepedia;
			productReference = 29E1020B22BB5DB700BE7C65 /* Moviepedia.app */;
			productType = "com.apple.product-type.application";
		};
/* End PBXNativeTarget section */

/* Begin PBXProject section */
		29E1020322BB5DB700BE7C65 /* Project object */ = {
			isa = PBXProject;
			attributes = {
				LastSwiftUpdateCheck = 1020;
				LastUpgradeCheck = 1020;
				ORGANIZATIONNAME = "BCC FILKOM";
				TargetAttributes = {
					29E1020A22BB5DB700BE7C65 = {
						CreatedOnToolsVersion = 10.2.1;
					};
				};
			};
			buildConfigurationList = 29E1020622BB5DB700BE7C65 /* Build configuration list for PBXProject "Moviepedia" */;
			compatibilityVersion = "Xcode 9.3";
			developmentRegion = en;
			hasScannedForEncodings = 0;
			knownRegions = (
				en,
				Base,
			);
			mainGroup = 29E1020222BB5DB700BE7C65;
			productRefGroup = 29E1020C22BB5DB700BE7C65 /* Products */;
			projectDirPath = "";
			projectRoot = "";
			targets = (
				29E1020A22BB5DB700BE7C65 /* Moviepedia */,
			);
		};
/* End PBXProject section */

/* Begin PBXResourcesBuildPhase section */
		29E1020922BB5DB700BE7C65 /* Resources */ = {
			isa = PBXResourcesBuildPhase;
			buildActionMask = 2147483647;
			files = (
				29E1021B22BB5DBB00BE7C65 /* LaunchScreen.storyboard in Resources */,
				29E1021822BB5DBB00BE7C65 /* Assets.xcassets in Resources */,
				29E1023022BB63C200BE7C65 /* MovieCell.xib in Resources */,
				29E1021622BB5DB700BE7C65 /* Main.storyboard in Resources */,
			);
			runOnlyForDeploymentPostprocessing = 0;
		};
/* End PBXResourcesBuildPhase section */

/* Begin PBXShellScriptBuildPhase section */
		B42F041FAE5A8A38A1EA9889 /* [CP] Check Pods Manifest.lock */ = {
			isa = PBXShellScriptBuildPhase;
			buildActionMask = 2147483647;
			files = (
			);
			inputFileListPaths = (
			);
			inputPaths = (
				"${PODS_PODFILE_DIR_PATH}/Podfile.lock",
				"${PODS_ROOT}/Manifest.lock",
			);
			name = "[CP] Check Pods Manifest.lock";
			outputFileListPaths = (
			);
			outputPaths = (
				"$(DERIVED_FILE_DIR)/Pods-Moviepedia-checkManifestLockResult.txt",
			);
			runOnlyForDeploymentPostprocessing = 0;
			shellPath = /bin/sh;
			shellScript = "diff \"${PODS_PODFILE_DIR_PATH}/Podfile.lock\" \"${PODS_ROOT}/Manifest.lock\" > /dev/null\nif [ $? != 0 ] ; then\n    # print error to STDERR\n    echo \"error: The sandbox is not in sync with the Podfile.lock. Run 'pod install' or update your CocoaPods installation.\" >&2\n    exit 1\nfi\n# This output is used by Xcode 'outputs' to avoid re-running this script phase.\necho \"SUCCESS\" > \"${SCRIPT_OUTPUT_FILE_0}\"\n";
			showEnvVarsInLog = 0;
		};
		D9F3737B6F29B5DB2E2B7B8D /* [CP] Embed Pods Frameworks */ = {
			isa = PBXShellScriptBuildPhase;
			buildActionMask = 2147483647;
			files = (
			);
			inputFileListPaths = (
				"${PODS_ROOT}/Target Support Files/Pods-Moviepedia/Pods-Moviepedia-frameworks-${CONFIGURATION}-input-files.xcfilelist",
			);
			name = "[CP] Embed Pods Frameworks";
			outputFileListPaths = (
				"${PODS_ROOT}/Target Support Files/Pods-Moviepedia/Pods-Moviepedia-frameworks-${CONFIGURATION}-output-files.xcfilelist",
			);
			runOnlyForDeploymentPostprocessing = 0;
			shellPath = /bin/sh;
			shellScript = "\"${PODS_ROOT}/Target Support Files/Pods-Moviepedia/Pods-Moviepedia-frameworks.sh\"\n";
			showEnvVarsInLog = 0;
		};
/* End PBXShellScriptBuildPhase section */

/* Begin PBXSourcesBuildPhase section */
		29E1020722BB5DB700BE7C65 /* Sources */ = {
			isa = PBXSourcesBuildPhase;
			buildActionMask = 2147483647;
			files = (
				29E1021322BB5DB700BE7C65 /* SearchMovieVC.swift in Sources */,
				29E1023222BB7B7900BE7C65 /* MovieVM.swift in Sources */,
				29E1020F22BB5DB700BE7C65 /* AppDelegate.swift in Sources */,
				29E1022F22BB63C200BE7C65 /* MovieCell.swift in Sources */,
				29E1022722BB606400BE7C65 /* Movie.swift in Sources */,
				29E1021122BB5DB700BE7C65 /* TrendingMovieVC.swift in Sources */,
				29E1022922BB626200BE7C65 /* MovieService.swift in Sources */,
			);
			runOnlyForDeploymentPostprocessing = 0;
		};
/* End PBXSourcesBuildPhase section */

/* Begin PBXVariantGroup section */
		29E1021422BB5DB700BE7C65 /* Main.storyboard */ = {
			isa = PBXVariantGroup;
			children = (
				29E1021522BB5DB700BE7C65 /* Base */,
			);
			name = Main.storyboard;
			sourceTree = "<group>";
		};
		29E1021922BB5DBB00BE7C65 /* LaunchScreen.storyboard */ = {
			isa = PBXVariantGroup;
			children = (
				29E1021A22BB5DBB00BE7C65 /* Base */,
			);
			name = LaunchScreen.storyboard;
			sourceTree = "<group>";
		};
/* End PBXVariantGroup section */

/* Begin XCBuildConfiguration section */
		29E1021D22BB5DBB00BE7C65 /* Debug */ = {
			isa = XCBuildConfiguration;
			buildSettings = {
				ALWAYS_SEARCH_USER_PATHS = NO;
				CLANG_ANALYZER_NONNULL = YES;
				CLANG_ANALYZER_NUMBER_OBJECT_CONVERSION = YES_AGGRESSIVE;
				CLANG_CXX_LANGUAGE_STANDARD = "gnu++14";
				CLANG_CXX_LIBRARY = "libc++";
				CLANG_ENABLE_MODULES = YES;
				CLANG_ENABLE_OBJC_ARC = YES;
				CLANG_ENABLE_OBJC_WEAK = YES;
				CLANG_WARN_BLOCK_CAPTURE_AUTORELEASING = YES;
				CLANG_WARN_BOOL_CONVERSION = YES;
				CLANG_WARN_COMMA = YES;
				CLANG_WARN_CONSTANT_CONVERSION = YES;
				CLANG_WARN_DEPRECATED_OBJC_IMPLEMENTATIONS = YES;
				CLANG_WARN_DIRECT_OBJC_ISA_USAGE = YES_ERROR;
				CLANG_WARN_DOCUMENTATION_COMMENTS = YES;
				CLANG_WARN_EMPTY_BODY = YES;
				CLANG_WARN_ENUM_CONVERSION = YES;
				CLANG_WARN_INFINITE_RECURSION = YES;
				CLANG_WARN_INT_CONVERSION = YES;
				CLANG_WARN_NON_LITERAL_NULL_CONVERSION = YES;
				CLANG_WARN_OBJC_IMPLICIT_RETAIN_SELF = YES;
				CLANG_WARN_OBJC_LITERAL_CONVERSION = YES;
				CLANG_WARN_OBJC_ROOT_CLASS = YES_ERROR;
				CLANG_WARN_RANGE_LOOP_ANALYSIS = YES;
				CLANG_WARN_STRICT_PROTOTYPES = YES;
				CLANG_WARN_SUSPICIOUS_MOVE = YES;
				CLANG_WARN_UNGUARDED_AVAILABILITY = YES_AGGRESSIVE;
				CLANG_WARN_UNREACHABLE_CODE = YES;
				CLANG_WARN__DUPLICATE_METHOD_MATCH = YES;
				CODE_SIGN_IDENTITY = "iPhone Developer";
				COPY_PHASE_STRIP = NO;
				DEBUG_INFORMATION_FORMAT = dwarf;
				ENABLE_STRICT_OBJC_MSGSEND = YES;
				ENABLE_TESTABILITY = YES;
				GCC_C_LANGUAGE_STANDARD = gnu11;
				GCC_DYNAMIC_NO_PIC = NO;
				GCC_NO_COMMON_BLOCKS = YES;
				GCC_OPTIMIZATION_LEVEL = 0;
				GCC_PREPROCESSOR_DEFINITIONS = (
					"DEBUG=1",
					"$(inherited)",
				);
				GCC_WARN_64_TO_32_BIT_CONVERSION = YES;
				GCC_WARN_ABOUT_RETURN_TYPE = YES_ERROR;
				GCC_WARN_UNDECLARED_SELECTOR = YES;
				GCC_WARN_UNINITIALIZED_AUTOS = YES_AGGRESSIVE;
				GCC_WARN_UNUSED_FUNCTION = YES;
				GCC_WARN_UNUSED_VARIABLE = YES;
				IPHONEOS_DEPLOYMENT_TARGET = 12.2;
				MTL_ENABLE_DEBUG_INFO = INCLUDE_SOURCE;
				MTL_FAST_MATH = YES;
				ONLY_ACTIVE_ARCH = YES;
				SDKROOT = iphoneos;
				SWIFT_ACTIVE_COMPILATION_CONDITIONS = DEBUG;
				SWIFT_OPTIMIZATION_LEVEL = "-Onone";
			};
			name = Debug;
		};
		29E1021E22BB5DBB00BE7C65 /* Release */ = {
			isa = XCBuildConfiguration;
			buildSettings = {
				ALWAYS_SEARCH_USER_PATHS = NO;
				CLANG_ANALYZER_NONNULL = YES;
				CLANG_ANALYZER_NUMBER_OBJECT_CONVERSION = YES_AGGRESSIVE;
				CLANG_CXX_LANGUAGE_STANDARD = "gnu++14";
				CLANG_CXX_LIBRARY = "libc++";
				CLANG_ENABLE_MODULES = YES;
				CLANG_ENABLE_OBJC_ARC = YES;
				CLANG_ENABLE_OBJC_WEAK = YES;
				CLANG_WARN_BLOCK_CAPTURE_AUTORELEASING = YES;
				CLANG_WARN_BOOL_CONVERSION = YES;
				CLANG_WARN_COMMA = YES;
				CLANG_WARN_CONSTANT_CONVERSION = YES;
				CLANG_WARN_DEPRECATED_OBJC_IMPLEMENTATIONS = YES;
				CLANG_WARN_DIRECT_OBJC_ISA_USAGE = YES_ERROR;
				CLANG_WARN_DOCUMENTATION_COMMENTS = YES;
				CLANG_WARN_EMPTY_BODY = YES;
				CLANG_WARN_ENUM_CONVERSION = YES;
				CLANG_WARN_INFINITE_RECURSION = YES;
				CLANG_WARN_INT_CONVERSION = YES;
				CLANG_WARN_NON_LITERAL_NULL_CONVERSION = YES;
				CLANG_WARN_OBJC_IMPLICIT_RETAIN_SELF = YES;
				CLANG_WARN_OBJC_LITERAL_CONVERSION = YES;
				CLANG_WARN_OBJC_ROOT_CLASS = YES_ERROR;
				CLANG_WARN_RANGE_LOOP_ANALYSIS = YES;
				CLANG_WARN_STRICT_PROTOTYPES = YES;
				CLANG_WARN_SUSPICIOUS_MOVE = YES;
				CLANG_WARN_UNGUARDED_AVAILABILITY = YES_AGGRESSIVE;
				CLANG_WARN_UNREACHABLE_CODE = YES;
				CLANG_WARN__DUPLICATE_METHOD_MATCH = YES;
				CODE_SIGN_IDENTITY = "iPhone Developer";
				COPY_PHASE_STRIP = NO;
				DEBUG_INFORMATION_FORMAT = "dwarf-with-dsym";
				ENABLE_NS_ASSERTIONS = NO;
				ENABLE_STRICT_OBJC_MSGSEND = YES;
				GCC_C_LANGUAGE_STANDARD = gnu11;
				GCC_NO_COMMON_BLOCKS = YES;
				GCC_WARN_64_TO_32_BIT_CONVERSION = YES;
				GCC_WARN_ABOUT_RETURN_TYPE = YES_ERROR;
				GCC_WARN_UNDECLARED_SELECTOR = YES;
				GCC_WARN_UNINITIALIZED_AUTOS = YES_AGGRESSIVE;
				GCC_WARN_UNUSED_FUNCTION = YES;
				GCC_WARN_UNUSED_VARIABLE = YES;
				IPHONEOS_DEPLOYMENT_TARGET = 12.2;
				MTL_ENABLE_DEBUG_INFO = NO;
				MTL_FAST_MATH = YES;
				SDKROOT = iphoneos;
				SWIFT_COMPILATION_MODE = wholemodule;
				SWIFT_OPTIMIZATION_LEVEL = "-O";
				VALIDATE_PRODUCT = YES;
			};
			name = Release;
		};
		29E1022022BB5DBB00BE7C65 /* Debug */ = {
			isa = XCBuildConfiguration;
			baseConfigurationReference = ED50A654A7422284101A4FD4 /* Pods-Moviepedia.debug.xcconfig */;
			buildSettings = {
				ASSETCATALOG_COMPILER_APPICON_NAME = AppIcon;
				CODE_SIGN_STYLE = Automatic;
				INFOPLIST_FILE = Moviepedia/Info.plist;
				LD_RUNPATH_SEARCH_PATHS = (
					"$(inherited)",
					"@executable_path/Frameworks",
				);
				PRODUCT_BUNDLE_IDENTIFIER = bccfilkom.Moviepedia;
				PRODUCT_NAME = "$(TARGET_NAME)";
				SWIFT_VERSION = 5.0;
				TARGETED_DEVICE_FAMILY = "1,2";
			};
			name = Debug;
		};
		29E1022122BB5DBB00BE7C65 /* Release */ = {
			isa = XCBuildConfiguration;
			baseConfigurationReference = 739B661916F279C1D5FC73C3 /* Pods-Moviepedia.release.xcconfig */;
			buildSettings = {
				ASSETCATALOG_COMPILER_APPICON_NAME = AppIcon;
				CODE_SIGN_STYLE = Automatic;
				INFOPLIST_FILE = Moviepedia/Info.plist;
				LD_RUNPATH_SEARCH_PATHS = (
					"$(inherited)",
					"@executable_path/Frameworks",
				);
				PRODUCT_BUNDLE_IDENTIFIER = bccfilkom.Moviepedia;
				PRODUCT_NAME = "$(TARGET_NAME)";
				SWIFT_VERSION = 5.0;
				TARGETED_DEVICE_FAMILY = "1,2";
			};
			name = Release;
		};
/* End XCBuildConfiguration section */

/* Begin XCConfigurationList section */
		29E1020622BB5DB700BE7C65 /* Build configuration list for PBXProject "Moviepedia" */ = {
			isa = XCConfigurationList;
			buildConfigurations = (
				29E1021D22BB5DBB00BE7C65 /* Debug */,
				29E1021E22BB5DBB00BE7C65 /* Release */,
			);
			defaultConfigurationIsVisible = 0;
			defaultConfigurationName = Release;
		};
		29E1021F22BB5DBB00BE7C65 /* Build configuration list for PBXNativeTarget "Moviepedia" */ = {
			isa = XCConfigurationList;
			buildConfigurations = (
				29E1022022BB5DBB00BE7C65 /* Debug */,
				29E1022122BB5DBB00BE7C65 /* Release */,
			);
			defaultConfigurationIsVisible = 0;
			defaultConfigurationName = Release;
		};
/* End XCConfigurationList section */
	};
	rootObject = 29E1020322BB5DB700BE7C65 /* Project object */;
}
